
Microsoft Visual Studio Solution File, Format Version 12.00
# Visual Studio Version 16
VisualStudioVersion = 16.0.30717.126
MinimumVisualStudioVersion = 10.0.40219.1
Project("{9A19103F-16F7-4668-BE54-9A1E7A4F7556}") = "Practice1101", "Practice1101\Practice1101.csproj", "{EB7B6F8A-3121-4EAA-A27D-6DB2AEAD80C0}"
EndProject
Project("{FAE04EC0-301F-11D3-BF4B-00C04F79EFBC}") = "FileManagerFromIevgenii1501", "FileManagerFromIevgenii1501\FileManagerFromIevgenii1501.csproj", "{94EC2E1E-DC1B-4126-9302-D9B715DDDCCA}"
EndProject
Global
	GlobalSection(SolutionConfigurationPlatforms) = preSolution
		Debug|Any CPU = Debug|Any CPU
		Release|Any CPU = Release|Any CPU
	EndGlobalSection
	GlobalSection(ProjectConfigurationPlatforms) = postSolution
		{EB7B6F8A-3121-4EAA-A27D-6DB2AEAD80C0}.Debug|Any CPU.ActiveCfg = Debug|Any CPU
		{EB7B6F8A-3121-4EAA-A27D-6DB2AEAD80C0}.Debug|Any CPU.Build.0 = Debug|Any CPU
		{EB7B6F8A-3121-4EAA-A27D-6DB2AEAD80C0}.Release|Any CPU.ActiveCfg = Release|Any CPU
		{EB7B6F8A-3121-4EAA-A27D-6DB2AEAD80C0}.Release|Any CPU.Build.0 = Release|Any CPU
		{94EC2E1E-DC1B-4126-9302-D9B715DDDCCA}.Debug|Any CPU.ActiveCfg = Debug|Any CPU
		{94EC2E1E-DC1B-4126-9302-D9B715DDDCCA}.Debug|Any CPU.Build.0 = Debug|Any CPU
		{94EC2E1E-DC1B-4126-9302-D9B715DDDCCA}.Release|Any CPU.ActiveCfg = Release|Any CPU
		{94EC2E1E-DC1B-4126-9302-D9B715DDDCCA}.Release|Any CPU.Build.0 = Release|Any CPU
	EndGlobalSection
	GlobalSection(SolutionProperties) = preSolution
		HideSolutionNode = FALSE
	EndGlobalSection
	GlobalSection(ExtensibilityGlobals) = postSolution
		SolutionGuid = {0F1A8BDF-E96E-451E-B35A-3EB8DA0FFF72}
	EndGlobalSection
EndGlobal
