
Microsoft Visual Studio Solution File, Format Version 12.00
# Visual Studio Version 16
VisualStudioVersion = 16.0.30717.126
MinimumVisualStudioVersion = 10.0.40219.1
Project("{9A19103F-16F7-4668-BE54-9A1E7A4F7556}") = "AdoNetWithTwoTablesFromAleksandrCopy", "AdoNetWithTwoTablesFromAleksandrCopy\AdoNetWithTwoTablesFromAleksandrCopy.csproj", "{293A5C37-C113-4A21-9091-37B14A3ABB9D}"
EndProject
Global
	GlobalSection(SolutionConfigurationPlatforms) = preSolution
		Debug|Any CPU = Debug|Any CPU
		Release|Any CPU = Release|Any CPU
	EndGlobalSection
	GlobalSection(ProjectConfigurationPlatforms) = postSolution
		{293A5C37-C113-4A21-9091-37B14A3ABB9D}.Debug|Any CPU.ActiveCfg = Debug|Any CPU
		{293A5C37-C113-4A21-9091-37B14A3ABB9D}.Debug|Any CPU.Build.0 = Debug|Any CPU
		{293A5C37-C113-4A21-9091-37B14A3ABB9D}.Release|Any CPU.ActiveCfg = Release|Any CPU
		{293A5C37-C113-4A21-9091-37B14A3ABB9D}.Release|Any CPU.Build.0 = Release|Any CPU
	EndGlobalSection
	GlobalSection(SolutionProperties) = preSolution
		HideSolutionNode = FALSE
	EndGlobalSection
	GlobalSection(ExtensibilityGlobals) = postSolution
		SolutionGuid = {0F1A8BDF-E96E-451E-B35A-3EB8DA0FFF72}
	EndGlobalSection
EndGlobal
